// !$*UTF8*$!
{
	archiveVersion = 1;
	classes = {
	};
	objectVersion = 56;
	objects = {

/* Begin PBXBuildFile section */
		2879D11429A5EDA7001153DC /* AppDelegate.swift in Sources */ = {isa = PBXBuildFile; fileRef = 2879D11329A5EDA7001153DC /* AppDelegate.swift */; };
		2879D11629A5EDA7001153DC /* SceneDelegate.swift in Sources */ = {isa = PBXBuildFile; fileRef = 2879D11529A5EDA7001153DC /* SceneDelegate.swift */; };
		2879D11829A5EDA7001153DC /* ViewController.swift in Sources */ = {isa = PBXBuildFile; fileRef = 2879D11729A5EDA7001153DC /* ViewController.swift */; };
		2879D11D29A5EDA9001153DC /* Assets.xcassets in Resources */ = {isa = PBXBuildFile; fileRef = 2879D11C29A5EDA9001153DC /* Assets.xcassets */; };
		2879D12029A5EDA9001153DC /* LaunchScreen.storyboard in Resources */ = {isa = PBXBuildFile; fileRef = 2879D11E29A5EDA9001153DC /* LaunchScreen.storyboard */; };
		2879D12929A63107001153DC /* View.swift in Sources */ = {isa = PBXBuildFile; fileRef = 2879D12829A63107001153DC /* View.swift */; };
		2879D12C29A65A97001153DC /* ImageDownLoadView.swift in Sources */ = {isa = PBXBuildFile; fileRef = 2879D12B29A65A97001153DC /* ImageDownLoadView.swift */; };
		2879D12E29A65AA2001153DC /* ViewModel.swift in Sources */ = {isa = PBXBuildFile; fileRef = 2879D12D29A65AA2001153DC /* ViewModel.swift */; };
		2879D13129A6641E001153DC /* SnapKit in Frameworks */ = {isa = PBXBuildFile; productRef = 2879D13029A6641E001153DC /* SnapKit */; };
/* End PBXBuildFile section */

/* Begin PBXFileReference section */
		2879D11029A5EDA7001153DC /* ImageProgressBar.app */ = {isa = PBXFileReference; explicitFileType = wrapper.application; includeInIndex = 0; path = ImageProgressBar.app; sourceTree = BUILT_PRODUCTS_DIR; };
		2879D11329A5EDA7001153DC /* AppDelegate.swift */ = {isa = PBXFileReference; lastKnownFileType = sourcecode.swift; path = AppDelegate.swift; sourceTree = "<group>"; };
		2879D11529A5EDA7001153DC /* SceneDelegate.swift */ = {isa = PBXFileReference; lastKnownFileType = sourcecode.swift; path = SceneDelegate.swift; sourceTree = "<group>"; };
		2879D11729A5EDA7001153DC /* ViewController.swift */ = {isa = PBXFileReference; lastKnownFileType = sourcecode.swift; path = ViewController.swift; sourceTree = "<group>"; };
		2879D11C29A5EDA9001153DC /* Assets.xcassets */ = {isa = PBXFileReference; lastKnownFileType = folder.assetcatalog; path = Assets.xcassets; sourceTree = "<group>"; };
		2879D11F29A5EDA9001153DC /* Base */ = {isa = PBXFileReference; lastKnownFileType = file.storyboard; name = Base; path = Base.lproj/LaunchScreen.storyboard; sourceTree = "<group>"; };
		2879D12129A5EDA9001153DC /* Info.plist */ = {isa = PBXFileReference; lastKnownFileType = text.plist.xml; path = Info.plist; sourceTree = "<group>"; };
		2879D12829A63107001153DC /* View.swift */ = {isa = PBXFileReference; lastKnownFileType = sourcecode.swift; path = View.swift; sourceTree = "<group>"; };
		2879D12B29A65A97001153DC /* ImageDownLoadView.swift */ = {isa = PBXFileReference; lastKnownFileType = sourcecode.swift; path = ImageDownLoadView.swift; sourceTree = "<group>"; };
		2879D12D29A65AA2001153DC /* ViewModel.swift */ = {isa = PBXFileReference; lastKnownFileType = sourcecode.swift; path = ViewModel.swift; sourceTree = "<group>"; };
/* End PBXFileReference section */

/* Begin PBXFrameworksBuildPhase section */
		2879D10D29A5EDA7001153DC /* Frameworks */ = {
			isa = PBXFrameworksBuildPhase;
			buildActionMask = 2147483647;
			files = (
				2879D13129A6641E001153DC /* SnapKit in Frameworks */,
			);
			runOnlyForDeploymentPostprocessing = 0;
		};
/* End PBXFrameworksBuildPhase section */

/* Begin PBXGroup section */
		2879D10729A5EDA7001153DC = {
			isa = PBXGroup;
			children = (
				2879D11229A5EDA7001153DC /* ImageProgressBar */,
				2879D11129A5EDA7001153DC /* Products */,
			);
			sourceTree = "<group>";
		};
		2879D11129A5EDA7001153DC /* Products */ = {
			isa = PBXGroup;
			children = (
				2879D11029A5EDA7001153DC /* ImageProgressBar.app */,
			);
			name = Products;
			sourceTree = "<group>";
		};
		2879D11229A5EDA7001153DC /* ImageProgressBar */ = {
			isa = PBXGroup;
			children = (
				2879D11329A5EDA7001153DC /* AppDelegate.swift */,
				2879D11529A5EDA7001153DC /* SceneDelegate.swift */,
				2879D12A29A639CE001153DC /* Component */,
				2879D12729A630F8001153DC /* New Group */,
				2879D11C29A5EDA9001153DC /* Assets.xcassets */,
				2879D11E29A5EDA9001153DC /* LaunchScreen.storyboard */,
				2879D12129A5EDA9001153DC /* Info.plist */,
			);
			path = ImageProgressBar;
			sourceTree = "<group>";
		};
		2879D12729A630F8001153DC /* New Group */ = {
			isa = PBXGroup;
			children = (
				2879D12829A63107001153DC /* View.swift */,
				2879D11729A5EDA7001153DC /* ViewController.swift */,
				2879D12D29A65AA2001153DC /* ViewModel.swift */,
			);
			path = "New Group";
			sourceTree = "<group>";
		};
		2879D12A29A639CE001153DC /* Component */ = {
			isa = PBXGroup;
			children = (
				2879D12B29A65A97001153DC /* ImageDownLoadView.swift */,
			);
			path = Component;
			sourceTree = "<group>";
		};
/* End PBXGroup section */

/* Begin PBXNativeTarget section */
		2879D10F29A5EDA7001153DC /* ImageProgressBar */ = {
			isa = PBXNativeTarget;
			buildConfigurationList = 2879D12429A5EDA9001153DC /* Build configuration list for PBXNativeTarget "ImageProgressBar" */;
			buildPhases = (
				2879D10C29A5EDA7001153DC /* Sources */,
				2879D10D29A5EDA7001153DC /* Frameworks */,
				2879D10E29A5EDA7001153DC /* Resources */,
			);
			buildRules = (
			);
			dependencies = (
			);
			name = ImageProgressBar;
			packageProductDependencies = (
				2879D13029A6641E001153DC /* SnapKit */,
			);
			productName = ImageProgressBar;
			productReference = 2879D11029A5EDA7001153DC /* ImageProgressBar.app */;
			productType = "com.apple.product-type.application";
		};
/* End PBXNativeTarget section */

/* Begin PBXProject section */
		2879D10829A5EDA7001153DC /* Project object */ = {
			isa = PBXProject;
			attributes = {
				BuildIndependentTargetsInParallel = 1;
				LastSwiftUpdateCheck = 1410;
				LastUpgradeCheck = 1410;
				TargetAttributes = {
					2879D10F29A5EDA7001153DC = {
						CreatedOnToolsVersion = 14.1;
					};
				};
			};
			buildConfigurationList = 2879D10B29A5EDA7001153DC /* Build configuration list for PBXProject "ImageProgressBar" */;
			compatibilityVersion = "Xcode 14.0";
			developmentRegion = en;
			hasScannedForEncodings = 0;
			knownRegions = (
				en,
				Base,
			);
			mainGroup = 2879D10729A5EDA7001153DC;
			packageReferences = (
				2879D12F29A6641E001153DC /* XCRemoteSwiftPackageReference "SnapKit" */,
			);
			productRefGroup = 2879D11129A5EDA7001153DC /* Products */;
			projectDirPath = "";
			projectRoot = "";
			targets = (
				2879D10F29A5EDA7001153DC /* ImageProgressBar */,
			);
		};
/* End PBXProject section */

/* Begin PBXResourcesBuildPhase section */
		2879D10E29A5EDA7001153DC /* Resources */ = {
			isa = PBXResourcesBuildPhase;
			buildActionMask = 2147483647;
			files = (
				2879D12029A5EDA9001153DC /* LaunchScreen.storyboard in Resources */,
				2879D11D29A5EDA9001153DC /* Assets.xcassets in Resources */,
			);
			runOnlyForDeploymentPostprocessing = 0;
		};
/* End PBXResourcesBuildPhase section */

/* Begin PBXSourcesBuildPhase section */
		2879D10C29A5EDA7001153DC /* Sources */ = {
			isa = PBXSourcesBuildPhase;
			buildActionMask = 2147483647;
			files = (
				2879D12929A63107001153DC /* View.swift in Sources */,
				2879D11829A5EDA7001153DC /* ViewController.swift in Sources */,
				2879D11429A5EDA7001153DC /* AppDelegate.swift in Sources */,
				2879D11629A5EDA7001153DC /* SceneDelegate.swift in Sources */,
				2879D12E29A65AA2001153DC /* ViewModel.swift in Sources */,
				2879D12C29A65A97001153DC /* ImageDownLoadView.swift in Sources */,
			);
			runOnlyForDeploymentPostprocessing = 0;
		};
/* End PBXSourcesBuildPhase section */

/* Begin PBXVariantGroup section */
		2879D11E29A5EDA9001153DC /* LaunchScreen.storyboard */ = {
			isa = PBXVariantGroup;
			children = (
				2879D11F29A5EDA9001153DC /* Base */,
			);
			name = LaunchScreen.storyboard;
			sourceTree = "<group>";
		};
/* End PBXVariantGroup section */

/* Begin XCBuildConfiguration section */
		2879D12229A5EDA9001153DC /* Debug */ = {
			isa = XCBuildConfiguration;
			buildSettings = {
				ALWAYS_SEARCH_USER_PATHS = NO;
				CLANG_ANALYZER_NONNULL = YES;
				CLANG_ANALYZER_NUMBER_OBJECT_CONVERSION = YES_AGGRESSIVE;
				CLANG_CXX_LANGUAGE_STANDARD = "gnu++20";
				CLANG_ENABLE_MODULES = YES;
				CLANG_ENABLE_OBJC_ARC = YES;
				CLANG_ENABLE_OBJC_WEAK = YES;
				CLANG_WARN_BLOCK_CAPTURE_AUTORELEASING = YES;
				CLANG_WARN_BOOL_CONVERSION = YES;
				CLANG_WARN_COMMA = YES;
				CLANG_WARN_CONSTANT_CONVERSION = YES;
				CLANG_WARN_DEPRECATED_OBJC_IMPLEMENTATIONS = YES;
				CLANG_WARN_DIRECT_OBJC_ISA_USAGE = YES_ERROR;
				CLANG_WARN_DOCUMENTATION_COMMENTS = YES;
				CLANG_WARN_EMPTY_BODY = YES;
				CLANG_WARN_ENUM_CONVERSION = YES;
				CLANG_WARN_INFINITE_RECURSION = YES;
				CLANG_WARN_INT_CONVERSION = YES;
				CLANG_WARN_NON_LITERAL_NULL_CONVERSION = YES;
				CLANG_WARN_OBJC_IMPLICIT_RETAIN_SELF = YES;
				CLANG_WARN_OBJC_LITERAL_CONVERSION = YES;
				CLANG_WARN_OBJC_ROOT_CLASS = YES_ERROR;
				CLANG_WARN_QUOTED_INCLUDE_IN_FRAMEWORK_HEADER = YES;
				CLANG_WARN_RANGE_LOOP_ANALYSIS = YES;
				CLANG_WARN_STRICT_PROTOTYPES = YES;
				CLANG_WARN_SUSPICIOUS_MOVE = YES;
				CLANG_WARN_UNGUARDED_AVAILABILITY = YES_AGGRESSIVE;
				CLANG_WARN_UNREACHABLE_CODE = YES;
				CLANG_WARN__DUPLICATE_METHOD_MATCH = YES;
				COPY_PHASE_STRIP = NO;
				DEBUG_INFORMATION_FORMAT = dwarf;
				ENABLE_STRICT_OBJC_MSGSEND = YES;
				ENABLE_TESTABILITY = YES;
				GCC_C_LANGUAGE_STANDARD = gnu11;
				GCC_DYNAMIC_NO_PIC = NO;
				GCC_NO_COMMON_BLOCKS = YES;
				GCC_OPTIMIZATION_LEVEL = 0;
				GCC_PREPROCESSOR_DEFINITIONS = (
					"DEBUG=1",
					"$(inherited)",
				);
				GCC_WARN_64_TO_32_BIT_CONVERSION = YES;
				GCC_WARN_ABOUT_RETURN_TYPE = YES_ERROR;
				GCC_WARN_UNDECLARED_SELECTOR = YES;
				GCC_WARN_UNINITIALIZED_AUTOS = YES_AGGRESSIVE;
				GCC_WARN_UNUSED_FUNCTION = YES;
				GCC_WARN_UNUSED_VARIABLE = YES;
				IPHONEOS_DEPLOYMENT_TARGET = 16.1;
				MTL_ENABLE_DEBUG_INFO = INCLUDE_SOURCE;
				MTL_FAST_MATH = YES;
				ONLY_ACTIVE_ARCH = YES;
				SDKROOT = iphoneos;
				SWIFT_ACTIVE_COMPILATION_CONDITIONS = DEBUG;
				SWIFT_OPTIMIZATION_LEVEL = "-Onone";
			};
			name = Debug;
		};
		2879D12329A5EDA9001153DC /* Release */ = {
			isa = XCBuildConfiguration;
			buildSettings = {
				ALWAYS_SEARCH_USER_PATHS = NO;
				CLANG_ANALYZER_NONNULL = YES;
				CLANG_ANALYZER_NUMBER_OBJECT_CONVERSION = YES_AGGRESSIVE;
				CLANG_CXX_LANGUAGE_STANDARD = "gnu++20";
				CLANG_ENABLE_MODULES = YES;
				CLANG_ENABLE_OBJC_ARC = YES;
				CLANG_ENABLE_OBJC_WEAK = YES;
				CLANG_WARN_BLOCK_CAPTURE_AUTORELEASING = YES;
				CLANG_WARN_BOOL_CONVERSION = YES;
				CLANG_WARN_COMMA = YES;
				CLANG_WARN_CONSTANT_CONVERSION = YES;
				CLANG_WARN_DEPRECATED_OBJC_IMPLEMENTATIONS = YES;
				CLANG_WARN_DIRECT_OBJC_ISA_USAGE = YES_ERROR;
				CLANG_WARN_DOCUMENTATION_COMMENTS = YES;
				CLANG_WARN_EMPTY_BODY = YES;
				CLANG_WARN_ENUM_CONVERSION = YES;
				CLANG_WARN_INFINITE_RECURSION = YES;
				CLANG_WARN_INT_CONVERSION = YES;
				CLANG_WARN_NON_LITERAL_NULL_CONVERSION = YES;
				CLANG_WARN_OBJC_IMPLICIT_RETAIN_SELF = YES;
				CLANG_WARN_OBJC_LITERAL_CONVERSION = YES;
				CLANG_WARN_OBJC_ROOT_CLASS = YES_ERROR;
				CLANG_WARN_QUOTED_INCLUDE_IN_FRAMEWORK_HEADER = YES;
				CLANG_WARN_RANGE_LOOP_ANALYSIS = YES;
				CLANG_WARN_STRICT_PROTOTYPES = YES;
				CLANG_WARN_SUSPICIOUS_MOVE = YES;
				CLANG_WARN_UNGUARDED_AVAILABILITY = YES_AGGRESSIVE;
				CLANG_WARN_UNREACHABLE_CODE = YES;
				CLANG_WARN__DUPLICATE_METHOD_MATCH = YES;
				COPY_PHASE_STRIP = NO;
				DEBUG_INFORMATION_FORMAT = "dwarf-with-dsym";
				ENABLE_NS_ASSERTIONS = NO;
				ENABLE_STRICT_OBJC_MSGSEND = YES;
				GCC_C_LANGUAGE_STANDARD = gnu11;
				GCC_NO_COMMON_BLOCKS = YES;
				GCC_WARN_64_TO_32_BIT_CONVERSION = YES;
				GCC_WARN_ABOUT_RETURN_TYPE = YES_ERROR;
				GCC_WARN_UNDECLARED_SELECTOR = YES;
				GCC_WARN_UNINITIALIZED_AUTOS = YES_AGGRESSIVE;
				GCC_WARN_UNUSED_FUNCTION = YES;
				GCC_WARN_UNUSED_VARIABLE = YES;
				IPHONEOS_DEPLOYMENT_TARGET = 16.1;
				MTL_ENABLE_DEBUG_INFO = NO;
				MTL_FAST_MATH = YES;
				SDKROOT = iphoneos;
				SWIFT_COMPILATION_MODE = wholemodule;
				SWIFT_OPTIMIZATION_LEVEL = "-O";
				VALIDATE_PRODUCT = YES;
			};
			name = Release;
		};
		2879D12529A5EDA9001153DC /* Debug */ = {
			isa = XCBuildConfiguration;
			buildSettings = {
				ASSETCATALOG_COMPILER_APPICON_NAME = AppIcon;
				ASSETCATALOG_COMPILER_GLOBAL_ACCENT_COLOR_NAME = AccentColor;
				CODE_SIGN_STYLE = Automatic;
				CURRENT_PROJECT_VERSION = 1;
				DEVELOPMENT_TEAM = 26R74QV84J;
				GENERATE_INFOPLIST_FILE = YES;
				INFOPLIST_FILE = ImageProgressBar/Info.plist;
				INFOPLIST_KEY_UIApplicationSupportsIndirectInputEvents = YES;
				INFOPLIST_KEY_UILaunchStoryboardName = LaunchScreen;
				INFOPLIST_KEY_UIMainStoryboardFile = "";
				INFOPLIST_KEY_UISupportedInterfaceOrientations_iPad = "UIInterfaceOrientationPortrait UIInterfaceOrientationPortraitUpsideDown UIInterfaceOrientationLandscapeLeft UIInterfaceOrientationLandscapeRight";
				INFOPLIST_KEY_UISupportedInterfaceOrientations_iPhone = "UIInterfaceOrientationPortrait UIInterfaceOrientationLandscapeLeft UIInterfaceOrientationLandscapeRight";
				LD_RUNPATH_SEARCH_PATHS = (
					"$(inherited)",
					"@executable_path/Frameworks",
				);
				MARKETING_VERSION = 1.0;
				PRODUCT_BUNDLE_IDENTIFIER = YoungJunePark.ImageProgressBar;
				PRODUCT_NAME = "$(TARGET_NAME)";
				SWIFT_EMIT_LOC_STRINGS = YES;
				SWIFT_VERSION = 5.0;
				TARGETED_DEVICE_FAMILY = "1,2";
			};
			name = Debug;
		};
		2879D12629A5EDA9001153DC /* Release */ = {
			isa = XCBuildConfiguration;
			buildSettings = {
				ASSETCATALOG_COMPILER_APPICON_NAME = AppIcon;
				ASSETCATALOG_COMPILER_GLOBAL_ACCENT_COLOR_NAME = AccentColor;
				CODE_SIGN_STYLE = Automatic;
				CURRENT_PROJECT_VERSION = 1;
				DEVELOPMENT_TEAM = 26R74QV84J;
				GENERATE_INFOPLIST_FILE = YES;
				INFOPLIST_FILE = ImageProgressBar/Info.plist;
				INFOPLIST_KEY_UIApplicationSupportsIndirectInputEvents = YES;
				INFOPLIST_KEY_UILaunchStoryboardName = LaunchScreen;
				INFOPLIST_KEY_UIMainStoryboardFile = "";
				INFOPLIST_KEY_UISupportedInterfaceOrientations_iPad = "UIInterfaceOrientationPortrait UIInterfaceOrientationPortraitUpsideDown UIInterfaceOrientationLandscapeLeft UIInterfaceOrientationLandscapeRight";
				INFOPLIST_KEY_UISupportedInterfaceOrientations_iPhone = "UIInterfaceOrientationPortrait UIInterfaceOrientationLandscapeLeft UIInterfaceOrientationLandscapeRight";
				LD_RUNPATH_SEARCH_PATHS = (
					"$(inherited)",
					"@executable_path/Frameworks",
				);
				MARKETING_VERSION = 1.0;
				PRODUCT_BUNDLE_IDENTIFIER = YoungJunePark.ImageProgressBar;
				PRODUCT_NAME = "$(TARGET_NAME)";
				SWIFT_EMIT_LOC_STRINGS = YES;
				SWIFT_VERSION = 5.0;
				TARGETED_DEVICE_FAMILY = "1,2";
			};
			name = Release;
		};
/* End XCBuildConfiguration section */

/* Begin XCConfigurationList section */
		2879D10B29A5EDA7001153DC /* Build configuration list for PBXProject "ImageProgressBar" */ = {
			isa = XCConfigurationList;
			buildConfigurations = (
				2879D12229A5EDA9001153DC /* Debug */,
				2879D12329A5EDA9001153DC /* Release */,
			);
			defaultConfigurationIsVisible = 0;
			defaultConfigurationName = Release;
		};
		2879D12429A5EDA9001153DC /* Build configuration list for PBXNativeTarget "ImageProgressBar" */ = {
			isa = XCConfigurationList;
			buildConfigurations = (
				2879D12529A5EDA9001153DC /* Debug */,
				2879D12629A5EDA9001153DC /* Release */,
			);
			defaultConfigurationIsVisible = 0;
			defaultConfigurationName = Release;
		};
/* End XCConfigurationList section */

/* Begin XCRemoteSwiftPackageReference section */
		2879D12F29A6641E001153DC /* XCRemoteSwiftPackageReference "SnapKit" */ = {
			isa = XCRemoteSwiftPackageReference;
			repositoryURL = "https://github.com/SnapKit/SnapKit.git";
			requirement = {
				branch = develop;
				kind = branch;
			};
		};
/* End XCRemoteSwiftPackageReference section */

/* Begin XCSwiftPackageProductDependency section */
		2879D13029A6641E001153DC /* SnapKit */ = {
			isa = XCSwiftPackageProductDependency;
			package = 2879D12F29A6641E001153DC /* XCRemoteSwiftPackageReference "SnapKit" */;
			productName = SnapKit;
		};
/* End XCSwiftPackageProductDependency section */
	};
	rootObject = 2879D10829A5EDA7001153DC /* Project object */;
}
